<?xml version="1.0" encoding="utf-8"?>
<Project ToolsVersion="4.0" xmlns="http://schemas.microsoft.com/developer/msbuild/2003">
  <ItemGroup>
    <Filter Include="Source Files">
      <UniqueIdentifier>{4FC737F1-C7A5-4376-A066-2A32D752A2FF}</UniqueIdentifier>
      <Extensions>cpp;c;cc;cxx;c++;cppm;ixx;def;odl;idl;hpj;bat;asm;asmx</Extensions>
    </Filter>
    <Filter Include="Header Files">
      <UniqueIdentifier>{93995380-89BD-4b04-88EB-625FBE52EBFB}</UniqueIdentifier>
      <Extensions>h;hh;hpp;hxx;h++;hm;inl;inc;ipp;xsd</Extensions>
    </Filter>
    <Filter Include="Resource Files">
      <UniqueIdentifier>{67DA6AB6-F800-4c08-8B7A-83BB121AAD01}</UniqueIdentifier>
      <Extensions>rc;ico;cur;bmp;dlg;rc2;rct;bin;rgs;gif;jpg;jpeg;jpe;resx;tiff;tif;png;wav;mfcribbon-ms</Extensions>
    </Filter>
    <Filter Include="Source Files\Tray">
      <UniqueIdentifier>{fea39f9b-ca5a-4598-b58c-43f0e218f1e5}</UniqueIdentifier>
    </Filter>
  </ItemGroup>
  <ItemGroup>
    <ClCompile Include="main.cpp">
      <Filter>Source Files</Filter>
    </ClCompile>
    <ClCompile Include="tray\src\components\button.cpp">
      <Filter>Source Files\Tray</Filter>
    </ClCompile>
    <ClCompile Include="tray\src\core\entry.cpp">
      <Filter>Source Files\Tray</Filter>
    </ClCompile>
    <ClCompile Include="tray\src\core\windows\icon.cpp">
      <Filter>Source Files\Tray</Filter>
    </ClCompile>
    <ClCompile Include="tray\src\core\windows\image.cpp">
      <Filter>Source Files\Tray</Filter>
    </ClCompile>
    <ClCompile Include="tray\src\components\imagebutton.cpp">
      <Filter>Source Files\Tray</Filter>
    </ClCompile>
    <ClCompile Include="tray\src\components\label.cpp">
      <Filter>Source Files\Tray</Filter>
    </ClCompile>
    <ClCompile Include="tray\src\components\separator.cpp">
      <Filter>Source Files\Tray</Filter>
    </ClCompile>
    <ClCompile Include="tray\src\components\submenu.cpp">
      <Filter>Source Files\Tray</Filter>
    </ClCompile>
    <ClCompile Include="tray\src\components\syncedtoggle.cpp">
      <Filter>Source Files\Tray</Filter>
    </ClCompile>
    <ClCompile Include="tray\src\components\toggle.cpp">
      <Filter>Source Files\Tray</Filter>
    </ClCompile>
    <ClCompile Include="tray\src\core\windows\tray.cpp">
      <Filter>Source Files\Tray</Filter>
    </ClCompile>
    <ClCompile Include="tray\src\core\traybase.cpp">
      <Filter>Source Files\Tray</Filter>
    </ClCompile>
  </ItemGroup>
  <ItemGroup>
    <ClInclude Include="tray\include\components\button.hpp">
      <Filter>Header Files</Filter>
    </ClInclude>
    <ClInclude Include="tray\include\components\imagebutton.hpp">
      <Filter>Header Files</Filter>
    </ClInclude>
    <ClInclude Include="tray\include\components\label.hpp">
      <Filter>Header Files</Filter>
    </ClInclude>
    <ClInclude Include="tray\include\components\separator.hpp">
      <Filter>Header Files</Filter>
    </ClInclude>
    <ClInclude Include="tray\include\components\submenu.hpp">
      <Filter>Header Files</Filter>
    </ClInclude>
    <ClInclude Include="tray\include\components\syncedtoggle.hpp">
      <Filter>Header Files</Filter>
    </ClInclude>
    <ClInclude Include="tray\include\components\toggle.hpp">
      <Filter>Header Files</Filter>
    </ClInclude>
    <ClInclude Include="tray\include\core\linux\tray.hpp">
      <Filter>Header Files</Filter>
    </ClInclude>
    <ClInclude Include="tray\include\core\windows\tray.hpp">
      <Filter>Header Files</Filter>
    </ClInclude>
    <ClInclude Include="tray\include\core\entry.hpp">
      <Filter>Header Files</Filter>
    </ClInclude>
    <ClInclude Include="tray\include\core\icon.hpp">
      <Filter>Header Files</Filter>
    </ClInclude>
    <ClInclude Include="tray\include\core\image.hpp">
      <Filter>Header Files</Filter>
    </ClInclude>
    <ClInclude Include="tray\include\core\traybase.hpp">
      <Filter>Header Files</Filter>
    </ClInclude>
    <ClInclude Include="tray\include\tray.hpp">
      <Filter>Header Files</Filter>
    </ClInclude>
    <ClInclude Include="icon_bytes.h">
      <Filter>Source Files</Filter>
    </ClInclude>
  </ItemGroup>
</Project>